
Microsoft Visual Studio Solution File, Format Version 12.00
# Visual Studio Version 17
VisualStudioVersion = 17.11.35208.52
MinimumVisualStudioVersion = 10.0.40219.1
Project("{9A19103F-16F7-4668-BE54-9A1E7A4F7556}") = "BoletoApiCore", "BoletoApiCore\BoletoApiCore.csproj", "{4634161B-8B41-4970-B8E7-032DA9423ED6}"
EndProject
Project("{9A19103F-16F7-4668-BE54-9A1E7A4F7556}") = "BoletoNetCore", "BoletoNetCore\BoletoNetCore.csproj", "{C1016A57-2F87-4644-A87F-1037A2F3B1FF}"
EndProject
Project("{9A19103F-16F7-4668-BE54-9A1E7A4F7556}") = "BoletoNetCore.Testes", "BoletoNetCore.Testes\BoletoNetCore.Testes.csproj", "{F3F09DF5-80E8-4F91-954F-9836024B2871}"
EndProject
Global
	GlobalSection(SolutionConfigurationPlatforms) = preSolution
		Debug|Any CPU = Debug|Any CPU
		Release|Any CPU = Release|Any CPU
	EndGlobalSection
	GlobalSection(ProjectConfigurationPlatforms) = postSolution
		{4634161B-8B41-4970-B8E7-032DA9423ED6}.Debug|Any CPU.ActiveCfg = Debug|Any CPU
		{4634161B-8B41-4970-B8E7-032DA9423ED6}.Debug|Any CPU.Build.0 = Debug|Any CPU
		{4634161B-8B41-4970-B8E7-032DA9423ED6}.Release|Any CPU.ActiveCfg = Release|Any CPU
		{4634161B-8B41-4970-B8E7-032DA9423ED6}.Release|Any CPU.Build.0 = Release|Any CPU
		{C1016A57-2F87-4644-A87F-1037A2F3B1FF}.Debug|Any CPU.ActiveCfg = Debug|Any CPU
		{C1016A57-2F87-4644-A87F-1037A2F3B1FF}.Debug|Any CPU.Build.0 = Debug|Any CPU
		{C1016A57-2F87-4644-A87F-1037A2F3B1FF}.Release|Any CPU.ActiveCfg = Release|Any CPU
		{C1016A57-2F87-4644-A87F-1037A2F3B1FF}.Release|Any CPU.Build.0 = Release|Any CPU
		{F3F09DF5-80E8-4F91-954F-9836024B2871}.Debug|Any CPU.ActiveCfg = Debug|Any CPU
		{F3F09DF5-80E8-4F91-954F-9836024B2871}.Debug|Any CPU.Build.0 = Debug|Any CPU
		{F3F09DF5-80E8-4F91-954F-9836024B2871}.Release|Any CPU.ActiveCfg = Release|Any CPU
		{F3F09DF5-80E8-4F91-954F-9836024B2871}.Release|Any CPU.Build.0 = Release|Any CPU
	EndGlobalSection
	GlobalSection(SolutionProperties) = preSolution
		HideSolutionNode = FALSE
	EndGlobalSection
	GlobalSection(ExtensibilityGlobals) = postSolution
		SolutionGuid = {5E66755F-695F-4316-900A-05979B506E67}
	EndGlobalSection
	GlobalSection(TeamFoundationVersionControl) = preSolution
		SccNumberOfProjects = 4
		SccEnterpriseProvider = {4CA58AB2-18FA-4F8D-95D4-32DDF27D184C}
		SccTeamFoundationServer = https://dev.azure.com/conectasoftwares
		SccProjectUniqueName0 = BoletoApiCore\\BoletoApiCore.csproj
		SccProjectName0 = BoletoApiCore
		SccLocalPath0 = BoletoApiCore
		SccProjectUniqueName1 = BoletoNetCore\\BoletoNetCore.csproj
		SccProjectName1 = BoletoNetCore
		SccLocalPath1 = BoletoNetCore
		SccLocalPath2 = .
		SccProjectUniqueName3 = BoletoNetCore.Testes\\BoletoNetCore.Testes.csproj
		SccProjectName3 = BoletoNetCore.Testes
		SccLocalPath3 = BoletoNetCore.Testes
	EndGlobalSection
EndGlobal
