
Microsoft Visual Studio Solution File, Format Version 12.00
# Visual Studio Version 17
VisualStudioVersion = 17.7.34031.279
MinimumVisualStudioVersion = 10.0.40219.1
Project("{9A19103F-16F7-4668-BE54-9A1E7A4F7556}") = "ConectaIntegracaoCoreOpenBank", "ConectaIntegracaoCoreOpenBank\ConectaIntegracaoCoreOpenBank.csproj", "{BAB23360-8361-46BF-A47D-8907E3F72700}"
EndProject
Project("{9A19103F-16F7-4668-BE54-9A1E7A4F7556}") = "TesteIntegracaoInter", "TesteIntegracaoInter\TesteIntegracaoInter.csproj", "{E02E005D-8F6E-4302-83A2-585A98326633}"
EndProject
Global
	GlobalSection(SolutionConfigurationPlatforms) = preSolution
		Debug|Any CPU = Debug|Any CPU
		Release|Any CPU = Release|Any CPU
	EndGlobalSection
	GlobalSection(ProjectConfigurationPlatforms) = postSolution
		{BAB23360-8361-46BF-A47D-8907E3F72700}.Debug|Any CPU.ActiveCfg = Debug|Any CPU
		{BAB23360-8361-46BF-A47D-8907E3F72700}.Debug|Any CPU.Build.0 = Debug|Any CPU
		{BAB23360-8361-46BF-A47D-8907E3F72700}.Release|Any CPU.ActiveCfg = Release|Any CPU
		{BAB23360-8361-46BF-A47D-8907E3F72700}.Release|Any CPU.Build.0 = Release|Any CPU
		{E02E005D-8F6E-4302-83A2-585A98326633}.Debug|Any CPU.ActiveCfg = Debug|Any CPU
		{E02E005D-8F6E-4302-83A2-585A98326633}.Debug|Any CPU.Build.0 = Debug|Any CPU
		{E02E005D-8F6E-4302-83A2-585A98326633}.Release|Any CPU.ActiveCfg = Release|Any CPU
		{E02E005D-8F6E-4302-83A2-585A98326633}.Release|Any CPU.Build.0 = Release|Any CPU
	EndGlobalSection
	GlobalSection(SolutionProperties) = preSolution
		HideSolutionNode = FALSE
	EndGlobalSection
	GlobalSection(ExtensibilityGlobals) = postSolution
		SolutionGuid = {89B0AC4C-9615-4D8C-80A9-14239C9274AC}
	EndGlobalSection
	GlobalSection(TeamFoundationVersionControl) = preSolution
		SccNumberOfProjects = 3
		SccEnterpriseProvider = {4CA58AB2-18FA-4F8D-95D4-32DDF27D184C}
		SccTeamFoundationServer = https://dev.azure.com/conectasoftwares
		SccLocalPath0 = .
		SccProjectUniqueName1 = ConectaIntegracaoCoreOpenBank\\ConectaIntegracaoCoreOpenBank.csproj
		SccProjectName1 = ConectaIntegracaoCoreOpenBank
		SccLocalPath1 = ConectaIntegracaoCoreOpenBank
		SccProjectUniqueName2 = TesteIntegracaoInter\\TesteIntegracaoInter.csproj
		SccProjectName2 = TesteIntegracaoInter
		SccLocalPath2 = TesteIntegracaoInter
	EndGlobalSection
EndGlobal
